// !$*UTF8*$!
{
	archiveVersion = 1;
	classes = {
	};
	objectVersion = 50;
	objects = {

/* Begin PBXBuildFile section */
		4E9B966A1A57B2BEAE946656 /* Pods_LQAlamoUnitTests.framework in Frameworks */ = {isa = PBXBuildFile; fileRef = 31B76C696A1B8C58D2D34A23 /* Pods_LQAlamoUnitTests.framework */; };
		70FFBE720215925321BE2D69 /* Pods_LQAlamoUnit.framework in Frameworks */ = {isa = PBXBuildFile; fileRef = 95D43B3CBD2C1AAC15421A06 /* Pods_LQAlamoUnit.framework */; };
		7AC3683142D7B5BF4322D000 /* Pods_LQAlamoUnitUITests.framework in Frameworks */ = {isa = PBXBuildFile; fileRef = D0179BAB96D6F162AC0ED22F /* Pods_LQAlamoUnitUITests.framework */; };
		D20217C4211C411300EDF8A4 /* AppDelegate.swift in Sources */ = {isa = PBXBuildFile; fileRef = D20217C3211C411300EDF8A4 /* AppDelegate.swift */; };
		D20217C6211C411300EDF8A4 /* ViewController.swift in Sources */ = {isa = PBXBuildFile; fileRef = D20217C5211C411300EDF8A4 /* ViewController.swift */; };
		D20217C9211C411300EDF8A4 /* Main.storyboard in Resources */ = {isa = PBXBuildFile; fileRef = D20217C7211C411300EDF8A4 /* Main.storyboard */; };
		D20217CB211C411400EDF8A4 /* Assets.xcassets in Resources */ = {isa = PBXBuildFile; fileRef = D20217CA211C411400EDF8A4 /* Assets.xcassets */; };
		D20217CE211C411400EDF8A4 /* LaunchScreen.storyboard in Resources */ = {isa = PBXBuildFile; fileRef = D20217CC211C411400EDF8A4 /* LaunchScreen.storyboard */; };
		D20217D9211C411400EDF8A4 /* LQAlamoUnitTests.swift in Sources */ = {isa = PBXBuildFile; fileRef = D20217D8211C411400EDF8A4 /* LQAlamoUnitTests.swift */; };
		D20217E4211C411400EDF8A4 /* LQAlamoUnitUITests.swift in Sources */ = {isa = PBXBuildFile; fileRef = D20217E3211C411400EDF8A4 /* LQAlamoUnitUITests.swift */; };
		D20217F3211C413400EDF8A4 /* LQAlamoUnit.swift in Sources */ = {isa = PBXBuildFile; fileRef = D20217F2211C413400EDF8A4 /* LQAlamoUnit.swift */; };
/* End PBXBuildFile section */

/* Begin PBXContainerItemProxy section */
		D20217D5211C411400EDF8A4 /* PBXContainerItemProxy */ = {
			isa = PBXContainerItemProxy;
			containerPortal = D20217B8211C411300EDF8A4 /* Project object */;
			proxyType = 1;
			remoteGlobalIDString = D20217BF211C411300EDF8A4;
			remoteInfo = LQAlamoUnit;
		};
		D20217E0211C411400EDF8A4 /* PBXContainerItemProxy */ = {
			isa = PBXContainerItemProxy;
			containerPortal = D20217B8211C411300EDF8A4 /* Project object */;
			proxyType = 1;
			remoteGlobalIDString = D20217BF211C411300EDF8A4;
			remoteInfo = LQAlamoUnit;
		};
/* End PBXContainerItemProxy section */

/* Begin PBXFileReference section */
		16AD9BA25000307704DF3553 /* Pods-LQAlamoUnit.debug.xcconfig */ = {isa = PBXFileReference; includeInIndex = 1; lastKnownFileType = text.xcconfig; name = "Pods-LQAlamoUnit.debug.xcconfig"; path = "Pods/Target Support Files/Pods-LQAlamoUnit/Pods-LQAlamoUnit.debug.xcconfig"; sourceTree = "<group>"; };
		31B76C696A1B8C58D2D34A23 /* Pods_LQAlamoUnitTests.framework */ = {isa = PBXFileReference; explicitFileType = wrapper.framework; includeInIndex = 0; path = Pods_LQAlamoUnitTests.framework; sourceTree = BUILT_PRODUCTS_DIR; };
		55F0F9C431E906B2653299DD /* Pods-LQAlamoUnitTests.release.xcconfig */ = {isa = PBXFileReference; includeInIndex = 1; lastKnownFileType = text.xcconfig; name = "Pods-LQAlamoUnitTests.release.xcconfig"; path = "Pods/Target Support Files/Pods-LQAlamoUnitTests/Pods-LQAlamoUnitTests.release.xcconfig"; sourceTree = "<group>"; };
		618B6AB6B46C4695A8DD8493 /* Pods-LQAlamoUnitUITests.release.xcconfig */ = {isa = PBXFileReference; includeInIndex = 1; lastKnownFileType = text.xcconfig; name = "Pods-LQAlamoUnitUITests.release.xcconfig"; path = "Pods/Target Support Files/Pods-LQAlamoUnitUITests/Pods-LQAlamoUnitUITests.release.xcconfig"; sourceTree = "<group>"; };
		95D43B3CBD2C1AAC15421A06 /* Pods_LQAlamoUnit.framework */ = {isa = PBXFileReference; explicitFileType = wrapper.framework; includeInIndex = 0; path = Pods_LQAlamoUnit.framework; sourceTree = BUILT_PRODUCTS_DIR; };
		BB87803AA61A764FE2DE8D6E /* Pods-LQAlamoUnit.release.xcconfig */ = {isa = PBXFileReference; includeInIndex = 1; lastKnownFileType = text.xcconfig; name = "Pods-LQAlamoUnit.release.xcconfig"; path = "Pods/Target Support Files/Pods-LQAlamoUnit/Pods-LQAlamoUnit.release.xcconfig"; sourceTree = "<group>"; };
		C663BAFDAAEAF2CF388B7F4B /* Pods-LQAlamoUnitUITests.debug.xcconfig */ = {isa = PBXFileReference; includeInIndex = 1; lastKnownFileType = text.xcconfig; name = "Pods-LQAlamoUnitUITests.debug.xcconfig"; path = "Pods/Target Support Files/Pods-LQAlamoUnitUITests/Pods-LQAlamoUnitUITests.debug.xcconfig"; sourceTree = "<group>"; };
		D0179BAB96D6F162AC0ED22F /* Pods_LQAlamoUnitUITests.framework */ = {isa = PBXFileReference; explicitFileType = wrapper.framework; includeInIndex = 0; path = Pods_LQAlamoUnitUITests.framework; sourceTree = BUILT_PRODUCTS_DIR; };
		D20217C0211C411300EDF8A4 /* LQAlamoUnit.app */ = {isa = PBXFileReference; explicitFileType = wrapper.application; includeInIndex = 0; path = LQAlamoUnit.app; sourceTree = BUILT_PRODUCTS_DIR; };
		D20217C3211C411300EDF8A4 /* AppDelegate.swift */ = {isa = PBXFileReference; lastKnownFileType = sourcecode.swift; path = AppDelegate.swift; sourceTree = "<group>"; };
		D20217C5211C411300EDF8A4 /* ViewController.swift */ = {isa = PBXFileReference; lastKnownFileType = sourcecode.swift; path = ViewController.swift; sourceTree = "<group>"; };
		D20217C8211C411300EDF8A4 /* Base */ = {isa = PBXFileReference; lastKnownFileType = file.storyboard; name = Base; path = Base.lproj/Main.storyboard; sourceTree = "<group>"; };
		D20217CA211C411400EDF8A4 /* Assets.xcassets */ = {isa = PBXFileReference; lastKnownFileType = folder.assetcatalog; path = Assets.xcassets; sourceTree = "<group>"; };
		D20217CD211C411400EDF8A4 /* Base */ = {isa = PBXFileReference; lastKnownFileType = file.storyboard; name = Base; path = Base.lproj/LaunchScreen.storyboard; sourceTree = "<group>"; };
		D20217CF211C411400EDF8A4 /* Info.plist */ = {isa = PBXFileReference; lastKnownFileType = text.plist.xml; path = Info.plist; sourceTree = "<group>"; };
		D20217D4211C411400EDF8A4 /* LQAlamoUnitTests.xctest */ = {isa = PBXFileReference; explicitFileType = wrapper.cfbundle; includeInIndex = 0; path = LQAlamoUnitTests.xctest; sourceTree = BUILT_PRODUCTS_DIR; };
		D20217D8211C411400EDF8A4 /* LQAlamoUnitTests.swift */ = {isa = PBXFileReference; lastKnownFileType = sourcecode.swift; path = LQAlamoUnitTests.swift; sourceTree = "<group>"; };
		D20217DA211C411400EDF8A4 /* Info.plist */ = {isa = PBXFileReference; lastKnownFileType = text.plist.xml; path = Info.plist; sourceTree = "<group>"; };
		D20217DF211C411400EDF8A4 /* LQAlamoUnitUITests.xctest */ = {isa = PBXFileReference; explicitFileType = wrapper.cfbundle; includeInIndex = 0; path = LQAlamoUnitUITests.xctest; sourceTree = BUILT_PRODUCTS_DIR; };
		D20217E3211C411400EDF8A4 /* LQAlamoUnitUITests.swift */ = {isa = PBXFileReference; lastKnownFileType = sourcecode.swift; path = LQAlamoUnitUITests.swift; sourceTree = "<group>"; };
		D20217E5211C411400EDF8A4 /* Info.plist */ = {isa = PBXFileReference; lastKnownFileType = text.plist.xml; path = Info.plist; sourceTree = "<group>"; };
		D20217F2211C413400EDF8A4 /* LQAlamoUnit.swift */ = {isa = PBXFileReference; fileEncoding = 4; lastKnownFileType = sourcecode.swift; path = LQAlamoUnit.swift; sourceTree = "<group>"; };
		EF930A18CBD39A11EB33E664 /* Pods-LQAlamoUnitTests.debug.xcconfig */ = {isa = PBXFileReference; includeInIndex = 1; lastKnownFileType = text.xcconfig; name = "Pods-LQAlamoUnitTests.debug.xcconfig"; path = "Pods/Target Support Files/Pods-LQAlamoUnitTests/Pods-LQAlamoUnitTests.debug.xcconfig"; sourceTree = "<group>"; };
/* End PBXFileReference section */

/* Begin PBXFrameworksBuildPhase section */
		D20217BD211C411300EDF8A4 /* Frameworks */ = {
			isa = PBXFrameworksBuildPhase;
			buildActionMask = 2147483647;
			files = (
				70FFBE720215925321BE2D69 /* Pods_LQAlamoUnit.framework in Frameworks */,
			);
			runOnlyForDeploymentPostprocessing = 0;
		};
		D20217D1211C411400EDF8A4 /* Frameworks */ = {
			isa = PBXFrameworksBuildPhase;
			buildActionMask = 2147483647;
			files = (
				4E9B966A1A57B2BEAE946656 /* Pods_LQAlamoUnitTests.framework in Frameworks */,
			);
			runOnlyForDeploymentPostprocessing = 0;
		};
		D20217DC211C411400EDF8A4 /* Frameworks */ = {
			isa = PBXFrameworksBuildPhase;
			buildActionMask = 2147483647;
			files = (
				7AC3683142D7B5BF4322D000 /* Pods_LQAlamoUnitUITests.framework in Frameworks */,
			);
			runOnlyForDeploymentPostprocessing = 0;
		};
/* End PBXFrameworksBuildPhase section */

/* Begin PBXGroup section */
		7495A7E2FDDA72F236C5E857 /* Pods */ = {
			isa = PBXGroup;
			children = (
				16AD9BA25000307704DF3553 /* Pods-LQAlamoUnit.debug.xcconfig */,
				BB87803AA61A764FE2DE8D6E /* Pods-LQAlamoUnit.release.xcconfig */,
				EF930A18CBD39A11EB33E664 /* Pods-LQAlamoUnitTests.debug.xcconfig */,
				55F0F9C431E906B2653299DD /* Pods-LQAlamoUnitTests.release.xcconfig */,
				C663BAFDAAEAF2CF388B7F4B /* Pods-LQAlamoUnitUITests.debug.xcconfig */,
				618B6AB6B46C4695A8DD8493 /* Pods-LQAlamoUnitUITests.release.xcconfig */,
			);
			name = Pods;
			sourceTree = "<group>";
		};
		D20217B7211C411300EDF8A4 = {
			isa = PBXGroup;
			children = (
				D20217C2211C411300EDF8A4 /* LQAlamoUnit */,
				D20217D7211C411400EDF8A4 /* LQAlamoUnitTests */,
				D20217E2211C411400EDF8A4 /* LQAlamoUnitUITests */,
				D20217C1211C411300EDF8A4 /* Products */,
				7495A7E2FDDA72F236C5E857 /* Pods */,
				DC09EDE3AFF2018D5B85ABDC /* Frameworks */,
			);
			sourceTree = "<group>";
		};
		D20217C1211C411300EDF8A4 /* Products */ = {
			isa = PBXGroup;
			children = (
				D20217C0211C411300EDF8A4 /* LQAlamoUnit.app */,
				D20217D4211C411400EDF8A4 /* LQAlamoUnitTests.xctest */,
				D20217DF211C411400EDF8A4 /* LQAlamoUnitUITests.xctest */,
			);
			name = Products;
			sourceTree = "<group>";
		};
		D20217C2211C411300EDF8A4 /* LQAlamoUnit */ = {
			isa = PBXGroup;
			children = (
				D20217F1211C411C00EDF8A4 /* LQAlamoUnit */,
				D20217C3211C411300EDF8A4 /* AppDelegate.swift */,
				D20217C5211C411300EDF8A4 /* ViewController.swift */,
				D20217C7211C411300EDF8A4 /* Main.storyboard */,
				D20217CA211C411400EDF8A4 /* Assets.xcassets */,
				D20217CC211C411400EDF8A4 /* LaunchScreen.storyboard */,
				D20217CF211C411400EDF8A4 /* Info.plist */,
			);
			path = LQAlamoUnit;
			sourceTree = "<group>";
		};
		D20217D7211C411400EDF8A4 /* LQAlamoUnitTests */ = {
			isa = PBXGroup;
			children = (
				D20217D8211C411400EDF8A4 /* LQAlamoUnitTests.swift */,
				D20217DA211C411400EDF8A4 /* Info.plist */,
			);
			path = LQAlamoUnitTests;
			sourceTree = "<group>";
		};
		D20217E2211C411400EDF8A4 /* LQAlamoUnitUITests */ = {
			isa = PBXGroup;
			children = (
				D20217E3211C411400EDF8A4 /* LQAlamoUnitUITests.swift */,
				D20217E5211C411400EDF8A4 /* Info.plist */,
			);
			path = LQAlamoUnitUITests;
			sourceTree = "<group>";
		};
		D20217F1211C411C00EDF8A4 /* LQAlamoUnit */ = {
			isa = PBXGroup;
			children = (
				D20217F2211C413400EDF8A4 /* LQAlamoUnit.swift */,
			);
			path = LQAlamoUnit;
			sourceTree = "<group>";
		};
		DC09EDE3AFF2018D5B85ABDC /* Frameworks */ = {
			isa = PBXGroup;
			children = (
				95D43B3CBD2C1AAC15421A06 /* Pods_LQAlamoUnit.framework */,
				31B76C696A1B8C58D2D34A23 /* Pods_LQAlamoUnitTests.framework */,
				D0179BAB96D6F162AC0ED22F /* Pods_LQAlamoUnitUITests.framework */,
			);
			name = Frameworks;
			sourceTree = "<group>";
		};
/* End PBXGroup section */

/* Begin PBXNativeTarget section */
		D20217BF211C411300EDF8A4 /* LQAlamoUnit */ = {
			isa = PBXNativeTarget;
			buildConfigurationList = D20217E8211C411400EDF8A4 /* Build configuration list for PBXNativeTarget "LQAlamoUnit" */;
			buildPhases = (
				8D66475AC423312E5831FCCA /* [CP] Check Pods Manifest.lock */,
				D20217BC211C411300EDF8A4 /* Sources */,
				D20217BD211C411300EDF8A4 /* Frameworks */,
				D20217BE211C411300EDF8A4 /* Resources */,
				85FF62BB31744F1D842D1A54 /* [CP] Embed Pods Frameworks */,
			);
			buildRules = (
			);
			dependencies = (
			);
			name = LQAlamoUnit;
			productName = LQAlamoUnit;
			productReference = D20217C0211C411300EDF8A4 /* LQAlamoUnit.app */;
			productType = "com.apple.product-type.application";
		};
		D20217D3211C411400EDF8A4 /* LQAlamoUnitTests */ = {
			isa = PBXNativeTarget;
			buildConfigurationList = D20217EB211C411400EDF8A4 /* Build configuration list for PBXNativeTarget "LQAlamoUnitTests" */;
			buildPhases = (
				DA0DFFCADA369F5ECDF8CD58 /* [CP] Check Pods Manifest.lock */,
				D20217D0211C411400EDF8A4 /* Sources */,
				D20217D1211C411400EDF8A4 /* Frameworks */,
				D20217D2211C411400EDF8A4 /* Resources */,
			);
			buildRules = (
			);
			dependencies = (
				D20217D6211C411400EDF8A4 /* PBXTargetDependency */,
			);
			name = LQAlamoUnitTests;
			productName = LQAlamoUnitTests;
			productReference = D20217D4211C411400EDF8A4 /* LQAlamoUnitTests.xctest */;
			productType = "com.apple.product-type.bundle.unit-test";
		};
		D20217DE211C411400EDF8A4 /* LQAlamoUnitUITests */ = {
			isa = PBXNativeTarget;
			buildConfigurationList = D20217EE211C411400EDF8A4 /* Build configuration list for PBXNativeTarget "LQAlamoUnitUITests" */;
			buildPhases = (
				8810357075CA30DA800EEE1B /* [CP] Check Pods Manifest.lock */,
				D20217DB211C411400EDF8A4 /* Sources */,
				D20217DC211C411400EDF8A4 /* Frameworks */,
				D20217DD211C411400EDF8A4 /* Resources */,
			);
			buildRules = (
			);
			dependencies = (
				D20217E1211C411400EDF8A4 /* PBXTargetDependency */,
			);
			name = LQAlamoUnitUITests;
			productName = LQAlamoUnitUITests;
			productReference = D20217DF211C411400EDF8A4 /* LQAlamoUnitUITests.xctest */;
			productType = "com.apple.product-type.bundle.ui-testing";
		};
/* End PBXNativeTarget section */

/* Begin PBXProject section */
		D20217B8211C411300EDF8A4 /* Project object */ = {
			isa = PBXProject;
			attributes = {
				LastSwiftUpdateCheck = 0940;
				LastUpgradeCheck = 0940;
				ORGANIZATIONNAME = LiuQiqiang;
				TargetAttributes = {
					D20217BF211C411300EDF8A4 = {
						CreatedOnToolsVersion = 9.4.1;
					};
					D20217D3211C411400EDF8A4 = {
						CreatedOnToolsVersion = 9.4.1;
						TestTargetID = D20217BF211C411300EDF8A4;
					};
					D20217DE211C411400EDF8A4 = {
						CreatedOnToolsVersion = 9.4.1;
						TestTargetID = D20217BF211C411300EDF8A4;
					};
				};
			};
			buildConfigurationList = D20217BB211C411300EDF8A4 /* Build configuration list for PBXProject "LQAlamoUnit" */;
			compatibilityVersion = "Xcode 9.3";
			developmentRegion = en;
			hasScannedForEncodings = 0;
			knownRegions = (
				en,
				Base,
			);
			mainGroup = D20217B7211C411300EDF8A4;
			productRefGroup = D20217C1211C411300EDF8A4 /* Products */;
			projectDirPath = "";
			projectRoot = "";
			targets = (
				D20217BF211C411300EDF8A4 /* LQAlamoUnit */,
				D20217D3211C411400EDF8A4 /* LQAlamoUnitTests */,
				D20217DE211C411400EDF8A4 /* LQAlamoUnitUITests */,
			);
		};
/* End PBXProject section */

/* Begin PBXResourcesBuildPhase section */
		D20217BE211C411300EDF8A4 /* Resources */ = {
			isa = PBXResourcesBuildPhase;
			buildActionMask = 2147483647;
			files = (
				D20217CE211C411400EDF8A4 /* LaunchScreen.storyboard in Resources */,
				D20217CB211C411400EDF8A4 /* Assets.xcassets in Resources */,
				D20217C9211C411300EDF8A4 /* Main.storyboard in Resources */,
			);
			runOnlyForDeploymentPostprocessing = 0;
		};
		D20217D2211C411400EDF8A4 /* Resources */ = {
			isa = PBXResourcesBuildPhase;
			buildActionMask = 2147483647;
			files = (
			);
			runOnlyForDeploymentPostprocessing = 0;
		};
		D20217DD211C411400EDF8A4 /* Resources */ = {
			isa = PBXResourcesBuildPhase;
			buildActionMask = 2147483647;
			files = (
			);
			runOnlyForDeploymentPostprocessing = 0;
		};
/* End PBXResourcesBuildPhase section */

/* Begin PBXShellScriptBuildPhase section */
		85FF62BB31744F1D842D1A54 /* [CP] Embed Pods Frameworks */ = {
			isa = PBXShellScriptBuildPhase;
			buildActionMask = 2147483647;
			files = (
			);
			inputPaths = (
				"${SRCROOT}/Pods/Target Support Files/Pods-LQAlamoUnit/Pods-LQAlamoUnit-frameworks.sh",
				"${BUILT_PRODUCTS_DIR}/Alamofire/Alamofire.framework",
				"${BUILT_PRODUCTS_DIR}/SwiftyJSON/SwiftyJSON.framework",
			);
			name = "[CP] Embed Pods Frameworks";
			outputPaths = (
				"${TARGET_BUILD_DIR}/${FRAMEWORKS_FOLDER_PATH}/Alamofire.framework",
				"${TARGET_BUILD_DIR}/${FRAMEWORKS_FOLDER_PATH}/SwiftyJSON.framework",
			);
			runOnlyForDeploymentPostprocessing = 0;
			shellPath = /bin/sh;
			shellScript = "\"${SRCROOT}/Pods/Target Support Files/Pods-LQAlamoUnit/Pods-LQAlamoUnit-frameworks.sh\"\n";
			showEnvVarsInLog = 0;
		};
		8810357075CA30DA800EEE1B /* [CP] Check Pods Manifest.lock */ = {
			isa = PBXShellScriptBuildPhase;
			buildActionMask = 2147483647;
			files = (
			);
			inputPaths = (
				"${PODS_PODFILE_DIR_PATH}/Podfile.lock",
				"${PODS_ROOT}/Manifest.lock",
			);
			name = "[CP] Check Pods Manifest.lock";
			outputPaths = (
				"$(DERIVED_FILE_DIR)/Pods-LQAlamoUnitUITests-checkManifestLockResult.txt",
			);
			runOnlyForDeploymentPostprocessing = 0;
			shellPath = /bin/sh;
			shellScript = "diff \"${PODS_PODFILE_DIR_PATH}/Podfile.lock\" \"${PODS_ROOT}/Manifest.lock\" > /dev/null\nif [ $? != 0 ] ; then\n    # print error to STDERR\n    echo \"error: The sandbox is not in sync with the Podfile.lock. Run 'pod install' or update your CocoaPods installation.\" >&2\n    exit 1\nfi\n# This output is used by Xcode 'outputs' to avoid re-running this script phase.\necho \"SUCCESS\" > \"${SCRIPT_OUTPUT_FILE_0}\"\n";
			showEnvVarsInLog = 0;
		};
		8D66475AC423312E5831FCCA /* [CP] Check Pods Manifest.lock */ = {
			isa = PBXShellScriptBuildPhase;
			buildActionMask = 2147483647;
			files = (
			);
			inputPaths = (
				"${PODS_PODFILE_DIR_PATH}/Podfile.lock",
				"${PODS_ROOT}/Manifest.lock",
			);
			name = "[CP] Check Pods Manifest.lock";
			outputPaths = (
				"$(DERIVED_FILE_DIR)/Pods-LQAlamoUnit-checkManifestLockResult.txt",
			);
			runOnlyForDeploymentPostprocessing = 0;
			shellPath = /bin/sh;
			shellScript = "diff \"${PODS_PODFILE_DIR_PATH}/Podfile.lock\" \"${PODS_ROOT}/Manifest.lock\" > /dev/null\nif [ $? != 0 ] ; then\n    # print error to STDERR\n    echo \"error: The sandbox is not in sync with the Podfile.lock. Run 'pod install' or update your CocoaPods installation.\" >&2\n    exit 1\nfi\n# This output is used by Xcode 'outputs' to avoid re-running this script phase.\necho \"SUCCESS\" > \"${SCRIPT_OUTPUT_FILE_0}\"\n";
			showEnvVarsInLog = 0;
		};
		DA0DFFCADA369F5ECDF8CD58 /* [CP] Check Pods Manifest.lock */ = {
			isa = PBXShellScriptBuildPhase;
			buildActionMask = 2147483647;
			files = (
			);
			inputPaths = (
				"${PODS_PODFILE_DIR_PATH}/Podfile.lock",
				"${PODS_ROOT}/Manifest.lock",
			);
			name = "[CP] Check Pods Manifest.lock";
			outputPaths = (
				"$(DERIVED_FILE_DIR)/Pods-LQAlamoUnitTests-checkManifestLockResult.txt",
			);
			runOnlyForDeploymentPostprocessing = 0;
			shellPath = /bin/sh;
			shellScript = "diff \"${PODS_PODFILE_DIR_PATH}/Podfile.lock\" \"${PODS_ROOT}/Manifest.lock\" > /dev/null\nif [ $? != 0 ] ; then\n    # print error to STDERR\n    echo \"error: The sandbox is not in sync with the Podfile.lock. Run 'pod install' or update your CocoaPods installation.\" >&2\n    exit 1\nfi\n# This output is used by Xcode 'outputs' to avoid re-running this script phase.\necho \"SUCCESS\" > \"${SCRIPT_OUTPUT_FILE_0}\"\n";
			showEnvVarsInLog = 0;
		};
/* End PBXShellScriptBuildPhase section */

/* Begin PBXSourcesBuildPhase section */
		D20217BC211C411300EDF8A4 /* Sources */ = {
			isa = PBXSourcesBuildPhase;
			buildActionMask = 2147483647;
			files = (
				D20217C6211C411300EDF8A4 /* ViewController.swift in Sources */,
				D20217F3211C413400EDF8A4 /* LQAlamoUnit.swift in Sources */,
				D20217C4211C411300EDF8A4 /* AppDelegate.swift in Sources */,
			);
			runOnlyForDeploymentPostprocessing = 0;
		};
		D20217D0211C411400EDF8A4 /* Sources */ = {
			isa = PBXSourcesBuildPhase;
			buildActionMask = 2147483647;
			files = (
				D20217D9211C411400EDF8A4 /* LQAlamoUnitTests.swift in Sources */,
			);
			runOnlyForDeploymentPostprocessing = 0;
		};
		D20217DB211C411400EDF8A4 /* Sources */ = {
			isa = PBXSourcesBuildPhase;
			buildActionMask = 2147483647;
			files = (
				D20217E4211C411400EDF8A4 /* LQAlamoUnitUITests.swift in Sources */,
			);
			runOnlyForDeploymentPostprocessing = 0;
		};
/* End PBXSourcesBuildPhase section */

/* Begin PBXTargetDependency section */
		D20217D6211C411400EDF8A4 /* PBXTargetDependency */ = {
			isa = PBXTargetDependency;
			target = D20217BF211C411300EDF8A4 /* LQAlamoUnit */;
			targetProxy = D20217D5211C411400EDF8A4 /* PBXContainerItemProxy */;
		};
		D20217E1211C411400EDF8A4 /* PBXTargetDependency */ = {
			isa = PBXTargetDependency;
			target = D20217BF211C411300EDF8A4 /* LQAlamoUnit */;
			targetProxy = D20217E0211C411400EDF8A4 /* PBXContainerItemProxy */;
		};
/* End PBXTargetDependency section */

/* Begin PBXVariantGroup section */
		D20217C7211C411300EDF8A4 /* Main.storyboard */ = {
			isa = PBXVariantGroup;
			children = (
				D20217C8211C411300EDF8A4 /* Base */,
			);
			name = Main.storyboard;
			sourceTree = "<group>";
		};
		D20217CC211C411400EDF8A4 /* LaunchScreen.storyboard */ = {
			isa = PBXVariantGroup;
			children = (
				D20217CD211C411400EDF8A4 /* Base */,
			);
			name = LaunchScreen.storyboard;
			sourceTree = "<group>";
		};
/* End PBXVariantGroup section */

/* Begin XCBuildConfiguration section */
		D20217E6211C411400EDF8A4 /* Debug */ = {
			isa = XCBuildConfiguration;
			buildSettings = {
				ALWAYS_SEARCH_USER_PATHS = NO;
				CLANG_ANALYZER_NONNULL = YES;
				CLANG_ANALYZER_NUMBER_OBJECT_CONVERSION = YES_AGGRESSIVE;
				CLANG_CXX_LANGUAGE_STANDARD = "gnu++14";
				CLANG_CXX_LIBRARY = "libc++";
				CLANG_ENABLE_MODULES = YES;
				CLANG_ENABLE_OBJC_ARC = YES;
				CLANG_ENABLE_OBJC_WEAK = YES;
				CLANG_WARN_BLOCK_CAPTURE_AUTORELEASING = YES;
				CLANG_WARN_BOOL_CONVERSION = YES;
				CLANG_WARN_COMMA = YES;
				CLANG_WARN_CONSTANT_CONVERSION = YES;
				CLANG_WARN_DEPRECATED_OBJC_IMPLEMENTATIONS = YES;
				CLANG_WARN_DIRECT_OBJC_ISA_USAGE = YES_ERROR;
				CLANG_WARN_DOCUMENTATION_COMMENTS = YES;
				CLANG_WARN_EMPTY_BODY = YES;
				CLANG_WARN_ENUM_CONVERSION = YES;
				CLANG_WARN_INFINITE_RECURSION = YES;
				CLANG_WARN_INT_CONVERSION = YES;
				CLANG_WARN_NON_LITERAL_NULL_CONVERSION = YES;
				CLANG_WARN_OBJC_IMPLICIT_RETAIN_SELF = YES;
				CLANG_WARN_OBJC_LITERAL_CONVERSION = YES;
				CLANG_WARN_OBJC_ROOT_CLASS = YES_ERROR;
				CLANG_WARN_RANGE_LOOP_ANALYSIS = YES;
				CLANG_WARN_STRICT_PROTOTYPES = YES;
				CLANG_WARN_SUSPICIOUS_MOVE = YES;
				CLANG_WARN_UNGUARDED_AVAILABILITY = YES_AGGRESSIVE;
				CLANG_WARN_UNREACHABLE_CODE = YES;
				CLANG_WARN__DUPLICATE_METHOD_MATCH = YES;
				CODE_SIGN_IDENTITY = "iPhone Developer";
				COPY_PHASE_STRIP = NO;
				DEBUG_INFORMATION_FORMAT = dwarf;
				ENABLE_STRICT_OBJC_MSGSEND = YES;
				ENABLE_TESTABILITY = YES;
				GCC_C_LANGUAGE_STANDARD = gnu11;
				GCC_DYNAMIC_NO_PIC = NO;
				GCC_NO_COMMON_BLOCKS = YES;
				GCC_OPTIMIZATION_LEVEL = 0;
				GCC_PREPROCESSOR_DEFINITIONS = (
					"DEBUG=1",
					"$(inherited)",
				);
				GCC_WARN_64_TO_32_BIT_CONVERSION = YES;
				GCC_WARN_ABOUT_RETURN_TYPE = YES_ERROR;
				GCC_WARN_UNDECLARED_SELECTOR = YES;
				GCC_WARN_UNINITIALIZED_AUTOS = YES_AGGRESSIVE;
				GCC_WARN_UNUSED_FUNCTION = YES;
				GCC_WARN_UNUSED_VARIABLE = YES;
				IPHONEOS_DEPLOYMENT_TARGET = 11.4;
				MTL_ENABLE_DEBUG_INFO = YES;
				ONLY_ACTIVE_ARCH = YES;
				SDKROOT = iphoneos;
				SWIFT_ACTIVE_COMPILATION_CONDITIONS = DEBUG;
				SWIFT_OPTIMIZATION_LEVEL = "-Onone";
			};
			name = Debug;
		};
		D20217E7211C411400EDF8A4 /* Release */ = {
			isa = XCBuildConfiguration;
			buildSettings = {
				ALWAYS_SEARCH_USER_PATHS = NO;
				CLANG_ANALYZER_NONNULL = YES;
				CLANG_ANALYZER_NUMBER_OBJECT_CONVERSION = YES_AGGRESSIVE;
				CLANG_CXX_LANGUAGE_STANDARD = "gnu++14";
				CLANG_CXX_LIBRARY = "libc++";
				CLANG_ENABLE_MODULES = YES;
				CLANG_ENABLE_OBJC_ARC = YES;
				CLANG_ENABLE_OBJC_WEAK = YES;
				CLANG_WARN_BLOCK_CAPTURE_AUTORELEASING = YES;
				CLANG_WARN_BOOL_CONVERSION = YES;
				CLANG_WARN_COMMA = YES;
				CLANG_WARN_CONSTANT_CONVERSION = YES;
				CLANG_WARN_DEPRECATED_OBJC_IMPLEMENTATIONS = YES;
				CLANG_WARN_DIRECT_OBJC_ISA_USAGE = YES_ERROR;
				CLANG_WARN_DOCUMENTATION_COMMENTS = YES;
				CLANG_WARN_EMPTY_BODY = YES;
				CLANG_WARN_ENUM_CONVERSION = YES;
				CLANG_WARN_INFINITE_RECURSION = YES;
				CLANG_WARN_INT_CONVERSION = YES;
				CLANG_WARN_NON_LITERAL_NULL_CONVERSION = YES;
				CLANG_WARN_OBJC_IMPLICIT_RETAIN_SELF = YES;
				CLANG_WARN_OBJC_LITERAL_CONVERSION = YES;
				CLANG_WARN_OBJC_ROOT_CLASS = YES_ERROR;
				CLANG_WARN_RANGE_LOOP_ANALYSIS = YES;
				CLANG_WARN_STRICT_PROTOTYPES = YES;
				CLANG_WARN_SUSPICIOUS_MOVE = YES;
				CLANG_WARN_UNGUARDED_AVAILABILITY = YES_AGGRESSIVE;
				CLANG_WARN_UNREACHABLE_CODE = YES;
				CLANG_WARN__DUPLICATE_METHOD_MATCH = YES;
				CODE_SIGN_IDENTITY = "iPhone Developer";
				COPY_PHASE_STRIP = NO;
				DEBUG_INFORMATION_FORMAT = "dwarf-with-dsym";
				ENABLE_NS_ASSERTIONS = NO;
				ENABLE_STRICT_OBJC_MSGSEND = YES;
				GCC_C_LANGUAGE_STANDARD = gnu11;
				GCC_NO_COMMON_BLOCKS = YES;
				GCC_WARN_64_TO_32_BIT_CONVERSION = YES;
				GCC_WARN_ABOUT_RETURN_TYPE = YES_ERROR;
				GCC_WARN_UNDECLARED_SELECTOR = YES;
				GCC_WARN_UNINITIALIZED_AUTOS = YES_AGGRESSIVE;
				GCC_WARN_UNUSED_FUNCTION = YES;
				GCC_WARN_UNUSED_VARIABLE = YES;
				IPHONEOS_DEPLOYMENT_TARGET = 11.4;
				MTL_ENABLE_DEBUG_INFO = NO;
				SDKROOT = iphoneos;
				SWIFT_COMPILATION_MODE = wholemodule;
				SWIFT_OPTIMIZATION_LEVEL = "-O";
				VALIDATE_PRODUCT = YES;
			};
			name = Release;
		};
		D20217E9211C411400EDF8A4 /* Debug */ = {
			isa = XCBuildConfiguration;
			baseConfigurationReference = 16AD9BA25000307704DF3553 /* Pods-LQAlamoUnit.debug.xcconfig */;
			buildSettings = {
				ASSETCATALOG_COMPILER_APPICON_NAME = AppIcon;
				CODE_SIGN_STYLE = Automatic;
				DEVELOPMENT_TEAM = M5AQP3WXJE;
				INFOPLIST_FILE = LQAlamoUnit/Info.plist;
				LD_RUNPATH_SEARCH_PATHS = (
					"$(inherited)",
					"@executable_path/Frameworks",
				);
				PRODUCT_BUNDLE_IDENTIFIER = com.ldshare.LQAlamoUnit;
				PRODUCT_NAME = "$(TARGET_NAME)";
				SWIFT_VERSION = 4.0;
				TARGETED_DEVICE_FAMILY = "1,2";
			};
			name = Debug;
		};
		D20217EA211C411400EDF8A4 /* Release */ = {
			isa = XCBuildConfiguration;
			baseConfigurationReference = BB87803AA61A764FE2DE8D6E /* Pods-LQAlamoUnit.release.xcconfig */;
			buildSettings = {
				ASSETCATALOG_COMPILER_APPICON_NAME = AppIcon;
				CODE_SIGN_STYLE = Automatic;
				DEVELOPMENT_TEAM = M5AQP3WXJE;
				INFOPLIST_FILE = LQAlamoUnit/Info.plist;
				LD_RUNPATH_SEARCH_PATHS = (
					"$(inherited)",
					"@executable_path/Frameworks",
				);
				PRODUCT_BUNDLE_IDENTIFIER = com.ldshare.LQAlamoUnit;
				PRODUCT_NAME = "$(TARGET_NAME)";
				SWIFT_VERSION = 4.0;
				TARGETED_DEVICE_FAMILY = "1,2";
			};
			name = Release;
		};
		D20217EC211C411400EDF8A4 /* Debug */ = {
			isa = XCBuildConfiguration;
			baseConfigurationReference = EF930A18CBD39A11EB33E664 /* Pods-LQAlamoUnitTests.debug.xcconfig */;
			buildSettings = {
				ALWAYS_EMBED_SWIFT_STANDARD_LIBRARIES = YES;
				BUNDLE_LOADER = "$(TEST_HOST)";
				CODE_SIGN_STYLE = Automatic;
				DEVELOPMENT_TEAM = M5AQP3WXJE;
				INFOPLIST_FILE = LQAlamoUnitTests/Info.plist;
				LD_RUNPATH_SEARCH_PATHS = (
					"$(inherited)",
					"@executable_path/Frameworks",
					"@loader_path/Frameworks",
				);
				PRODUCT_BUNDLE_IDENTIFIER = com.ldshare.LQAlamoUnitTests;
				PRODUCT_NAME = "$(TARGET_NAME)";
				SWIFT_VERSION = 4.0;
				TARGETED_DEVICE_FAMILY = "1,2";
				TEST_HOST = "$(BUILT_PRODUCTS_DIR)/LQAlamoUnit.app/LQAlamoUnit";
			};
			name = Debug;
		};
		D20217ED211C411400EDF8A4 /* Release */ = {
			isa = XCBuildConfiguration;
			baseConfigurationReference = 55F0F9C431E906B2653299DD /* Pods-LQAlamoUnitTests.release.xcconfig */;
			buildSettings = {
				ALWAYS_EMBED_SWIFT_STANDARD_LIBRARIES = YES;
				BUNDLE_LOADER = "$(TEST_HOST)";
				CODE_SIGN_STYLE = Automatic;
				DEVELOPMENT_TEAM = M5AQP3WXJE;
				INFOPLIST_FILE = LQAlamoUnitTests/Info.plist;
				LD_RUNPATH_SEARCH_PATHS = (
					"$(inherited)",
					"@executable_path/Frameworks",
					"@loader_path/Frameworks",
				);
				PRODUCT_BUNDLE_IDENTIFIER = com.ldshare.LQAlamoUnitTests;
				PRODUCT_NAME = "$(TARGET_NAME)";
				SWIFT_VERSION = 4.0;
				TARGETED_DEVICE_FAMILY = "1,2";
				TEST_HOST = "$(BUILT_PRODUCTS_DIR)/LQAlamoUnit.app/LQAlamoUnit";
			};
			name = Release;
		};
		D20217EF211C411400EDF8A4 /* Debug */ = {
			isa = XCBuildConfiguration;
			baseConfigurationReference = C663BAFDAAEAF2CF388B7F4B /* Pods-LQAlamoUnitUITests.debug.xcconfig */;
			buildSettings = {
				ALWAYS_EMBED_SWIFT_STANDARD_LIBRARIES = YES;
				CODE_SIGN_STYLE = Automatic;
				DEVELOPMENT_TEAM = M5AQP3WXJE;
				INFOPLIST_FILE = LQAlamoUnitUITests/Info.plist;
				LD_RUNPATH_SEARCH_PATHS = (
					"$(inherited)",
					"@executable_path/Frameworks",
					"@loader_path/Frameworks",
				);
				PRODUCT_BUNDLE_IDENTIFIER = com.ldshare.LQAlamoUnitUITests;
				PRODUCT_NAME = "$(TARGET_NAME)";
				SWIFT_VERSION = 4.0;
				TARGETED_DEVICE_FAMILY = "1,2";
				TEST_TARGET_NAME = LQAlamoUnit;
			};
			name = Debug;
		};
		D20217F0211C411400EDF8A4 /* Release */ = {
			isa = XCBuildConfiguration;
			baseConfigurationReference = 618B6AB6B46C4695A8DD8493 /* Pods-LQAlamoUnitUITests.release.xcconfig */;
			buildSettings = {
				ALWAYS_EMBED_SWIFT_STANDARD_LIBRARIES = YES;
				CODE_SIGN_STYLE = Automatic;
				DEVELOPMENT_TEAM = M5AQP3WXJE;
				INFOPLIST_FILE = LQAlamoUnitUITests/Info.plist;
				LD_RUNPATH_SEARCH_PATHS = (
					"$(inherited)",
					"@executable_path/Frameworks",
					"@loader_path/Frameworks",
				);
				PRODUCT_BUNDLE_IDENTIFIER = com.ldshare.LQAlamoUnitUITests;
				PRODUCT_NAME = "$(TARGET_NAME)";
				SWIFT_VERSION = 4.0;
				TARGETED_DEVICE_FAMILY = "1,2";
				TEST_TARGET_NAME = LQAlamoUnit;
			};
			name = Release;
		};
/* End XCBuildConfiguration section */

/* Begin XCConfigurationList section */
		D20217BB211C411300EDF8A4 /* Build configuration list for PBXProject "LQAlamoUnit" */ = {
			isa = XCConfigurationList;
			buildConfigurations = (
				D20217E6211C411400EDF8A4 /* Debug */,
				D20217E7211C411400EDF8A4 /* Release */,
			);
			defaultConfigurationIsVisible = 0;
			defaultConfigurationName = Release;
		};
		D20217E8211C411400EDF8A4 /* Build configuration list for PBXNativeTarget "LQAlamoUnit" */ = {
			isa = XCConfigurationList;
			buildConfigurations = (
				D20217E9211C411400EDF8A4 /* Debug */,
				D20217EA211C411400EDF8A4 /* Release */,
			);
			defaultConfigurationIsVisible = 0;
			defaultConfigurationName = Release;
		};
		D20217EB211C411400EDF8A4 /* Build configuration list for PBXNativeTarget "LQAlamoUnitTests" */ = {
			isa = XCConfigurationList;
			buildConfigurations = (
				D20217EC211C411400EDF8A4 /* Debug */,
				D20217ED211C411400EDF8A4 /* Release */,
			);
			defaultConfigurationIsVisible = 0;
			defaultConfigurationName = Release;
		};
		D20217EE211C411400EDF8A4 /* Build configuration list for PBXNativeTarget "LQAlamoUnitUITests" */ = {
			isa = XCConfigurationList;
			buildConfigurations = (
				D20217EF211C411400EDF8A4 /* Debug */,
				D20217F0211C411400EDF8A4 /* Release */,
			);
			defaultConfigurationIsVisible = 0;
			defaultConfigurationName = Release;
		};
/* End XCConfigurationList section */
	};
	rootObject = D20217B8211C411300EDF8A4 /* Project object */;
}
